// !$*UTF8*$!
{
	archiveVersion = 1;
	classes = {
	};
	objectVersion = 50;
	objects = {

/* Begin PBXBuildFile section */
		1EF28607236DF5D003364B8F /* Pods_URLMaster.framework in Frameworks */ = {isa = PBXBuildFile; fileRef = 48EC79D54FA4FED1F4DADC76 /* Pods_URLMaster.framework */; };
		5A4402B220C82D6C0030604C /* Alamofire.framework in Frameworks */ = {isa = PBXBuildFile; fileRef = 5A4402B120C82D6C0030604C /* Alamofire.framework */; };
		5ABF6B6520C829EF003C797B /* AppDelegate.swift in Sources */ = {isa = PBXBuildFile; fileRef = 5ABF6B6420C829EF003C797B /* AppDelegate.swift */; };
		5ABF6B6720C829EF003C797B /* ViewController.swift in Sources */ = {isa = PBXBuildFile; fileRef = 5ABF6B6620C829EF003C797B /* ViewController.swift */; };
		5ABF6B6A20C829EF003C797B /* Main.storyboard in Resources */ = {isa = PBXBuildFile; fileRef = 5ABF6B6820C829EF003C797B /* Main.storyboard */; };
		5ABF6B6C20C829F1003C797B /* Assets.xcassets in Resources */ = {isa = PBXBuildFile; fileRef = 5ABF6B6B20C829F1003C797B /* Assets.xcassets */; };
		5ABF6B6F20C829F1003C797B /* LaunchScreen.storyboard in Resources */ = {isa = PBXBuildFile; fileRef = 5ABF6B6D20C829F1003C797B /* LaunchScreen.storyboard */; };
		6F854E93221D5D9200A02B40 /* ViewModel.swift in Sources */ = {isa = PBXBuildFile; fileRef = 6F854E92221D5D9200A02B40 /* ViewModel.swift */; };
/* End PBXBuildFile section */

/* Begin PBXFileReference section */
		48EC79D54FA4FED1F4DADC76 /* Pods_URLMaster.framework */ = {isa = PBXFileReference; explicitFileType = wrapper.framework; includeInIndex = 0; path = Pods_URLMaster.framework; sourceTree = BUILT_PRODUCTS_DIR; };
		58F4FCE6D5EA099C4E2CED3E /* Pods-URLMaster.debug.xcconfig */ = {isa = PBXFileReference; includeInIndex = 1; lastKnownFileType = text.xcconfig; name = "Pods-URLMaster.debug.xcconfig"; path = "Pods/Target Support Files/Pods-URLMaster/Pods-URLMaster.debug.xcconfig"; sourceTree = "<group>"; };
		5A4402B120C82D6C0030604C /* Alamofire.framework */ = {isa = PBXFileReference; explicitFileType = wrapper.framework; path = Alamofire.framework; sourceTree = BUILT_PRODUCTS_DIR; };
		5ABF6B6120C829EF003C797B /* URLMaster.app */ = {isa = PBXFileReference; explicitFileType = wrapper.application; includeInIndex = 0; path = URLMaster.app; sourceTree = BUILT_PRODUCTS_DIR; };
		5ABF6B6420C829EF003C797B /* AppDelegate.swift */ = {isa = PBXFileReference; lastKnownFileType = sourcecode.swift; path = AppDelegate.swift; sourceTree = "<group>"; };
		5ABF6B6620C829EF003C797B /* ViewController.swift */ = {isa = PBXFileReference; lastKnownFileType = sourcecode.swift; path = ViewController.swift; sourceTree = "<group>"; };
		5ABF6B6920C829EF003C797B /* Base */ = {isa = PBXFileReference; lastKnownFileType = file.storyboard; name = Base; path = Base.lproj/Main.storyboard; sourceTree = "<group>"; };
		5ABF6B6B20C829F1003C797B /* Assets.xcassets */ = {isa = PBXFileReference; lastKnownFileType = folder.assetcatalog; path = Assets.xcassets; sourceTree = "<group>"; };
		5ABF6B6E20C829F1003C797B /* Base */ = {isa = PBXFileReference; lastKnownFileType = file.storyboard; name = Base; path = Base.lproj/LaunchScreen.storyboard; sourceTree = "<group>"; };
		5ABF6B7020C829F1003C797B /* Info.plist */ = {isa = PBXFileReference; lastKnownFileType = text.plist.xml; path = Info.plist; sourceTree = "<group>"; };
		6F854E92221D5D9200A02B40 /* ViewModel.swift */ = {isa = PBXFileReference; lastKnownFileType = sourcecode.swift; path = ViewModel.swift; sourceTree = "<group>"; };
		95A5B5A8D8AC3FBE68EC2EA9 /* Pods-URLMaster.release.xcconfig */ = {isa = PBXFileReference; includeInIndex = 1; lastKnownFileType = text.xcconfig; name = "Pods-URLMaster.release.xcconfig"; path = "Pods/Target Support Files/Pods-URLMaster/Pods-URLMaster.release.xcconfig"; sourceTree = "<group>"; };
/* End PBXFileReference section */

/* Begin PBXFrameworksBuildPhase section */
		5ABF6B5E20C829EE003C797B /* Frameworks */ = {
			isa = PBXFrameworksBuildPhase;
			buildActionMask = 2147483647;
			files = (
				5A4402B220C82D6C0030604C /* Alamofire.framework in Frameworks */,
				1EF28607236DF5D003364B8F /* Pods_URLMaster.framework in Frameworks */,
			);
			runOnlyForDeploymentPostprocessing = 0;
		};
/* End PBXFrameworksBuildPhase section */

/* Begin PBXGroup section */
		0BC9EF6CBBADE4EA66812468 /* Frameworks */ = {
			isa = PBXGroup;
			children = (
				5A4402B120C82D6C0030604C /* Alamofire.framework */,
				48EC79D54FA4FED1F4DADC76 /* Pods_URLMaster.framework */,
			);
			name = Frameworks;
			sourceTree = "<group>";
		};
		5ABF6B5820C829EE003C797B = {
			isa = PBXGroup;
			children = (
				5ABF6B6320C829EF003C797B /* URLMaster */,
				5ABF6B6220C829EF003C797B /* Products */,
				8977C25A32F94E58B9DE264E /* Pods */,
				0BC9EF6CBBADE4EA66812468 /* Frameworks */,
			);
			sourceTree = "<group>";
		};
		5ABF6B6220C829EF003C797B /* Products */ = {
			isa = PBXGroup;
			children = (
				5ABF6B6120C829EF003C797B /* URLMaster.app */,
			);
			name = Products;
			sourceTree = "<group>";
		};
		5ABF6B6320C829EF003C797B /* URLMaster */ = {
			isa = PBXGroup;
			children = (
				5ABF6B6420C829EF003C797B /* AppDelegate.swift */,
				5ABF6B6620C829EF003C797B /* ViewController.swift */,
				6F854E92221D5D9200A02B40 /* ViewModel.swift */,
				5ABF6B6820C829EF003C797B /* Main.storyboard */,
				5ABF6B6B20C829F1003C797B /* Assets.xcassets */,
				5ABF6B6D20C829F1003C797B /* LaunchScreen.storyboard */,
				5ABF6B7020C829F1003C797B /* Info.plist */,
			);
			path = URLMaster;
			sourceTree = "<group>";
		};
		8977C25A32F94E58B9DE264E /* Pods */ = {
			isa = PBXGroup;
			children = (
				58F4FCE6D5EA099C4E2CED3E /* Pods-URLMaster.debug.xcconfig */,
				95A5B5A8D8AC3FBE68EC2EA9 /* Pods-URLMaster.release.xcconfig */,
			);
			name = Pods;
			sourceTree = "<group>";
		};
/* End PBXGroup section */

/* Begin PBXNativeTarget section */
		5ABF6B6020C829EE003C797B /* URLMaster */ = {
			isa = PBXNativeTarget;
			buildConfigurationList = 5ABF6B7320C829F1003C797B /* Build configuration list for PBXNativeTarget "URLMaster" */;
			buildPhases = (
				EDEE57E6228343D4E86373E6 /* [CP] Check Pods Manifest.lock */,
				5ABF6B5D20C829EE003C797B /* Sources */,
				5ABF6B5E20C829EE003C797B /* Frameworks */,
				5ABF6B5F20C829EE003C797B /* Resources */,
				CD54DF2AFC2844A35B5E3F43 /* [CP] Embed Pods Frameworks */,
			);
			buildRules = (
			);
			dependencies = (
			);
			name = URLMaster;
			productName = URLMaster;
			productReference = 5ABF6B6120C829EF003C797B /* URLMaster.app */;
			productType = "com.apple.product-type.application";
		};
/* End PBXNativeTarget section */

/* Begin PBXProject section */
		5ABF6B5920C829EE003C797B /* Project object */ = {
			isa = PBXProject;
			attributes = {
				LastSwiftUpdateCheck = 0930;
				LastUpgradeCheck = 0930;
				ORGANIZATIONNAME = TechTonic;
				TargetAttributes = {
					5ABF6B6020C829EE003C797B = {
						CreatedOnToolsVersion = 9.3.1;
					};
				};
			};
			buildConfigurationList = 5ABF6B5C20C829EE003C797B /* Build configuration list for PBXProject "URLMaster" */;
			compatibilityVersion = "Xcode 9.3";
			developmentRegion = en;
			hasScannedForEncodings = 0;
			knownRegions = (
				en,
				Base,
			);
			mainGroup = 5ABF6B5820C829EE003C797B;
			productRefGroup = 5ABF6B6220C829EF003C797B /* Products */;
			projectDirPath = "";
			projectRoot = "";
			targets = (
				5ABF6B6020C829EE003C797B /* URLMaster */,
			);
		};
/* End PBXProject section */

/* Begin PBXResourcesBuildPhase section */
		5ABF6B5F20C829EE003C797B /* Resources */ = {
			isa = PBXResourcesBuildPhase;
			buildActionMask = 2147483647;
			files = (
				5ABF6B6F20C829F1003C797B /* LaunchScreen.storyboard in Resources */,
				5ABF6B6C20C829F1003C797B /* Assets.xcassets in Resources */,
				5ABF6B6A20C829EF003C797B /* Main.storyboard in Resources */,
			);
			runOnlyForDeploymentPostprocessing = 0;
		};
/* End PBXResourcesBuildPhase section */

/* Begin PBXShellScriptBuildPhase section */
		CD54DF2AFC2844A35B5E3F43 /* [CP] Embed Pods Frameworks */ = {
			isa = PBXShellScriptBuildPhase;
			buildActionMask = 2147483647;
			files = (
			);
			inputPaths = (
				"${SRCROOT}/Pods/Target Support Files/Pods-URLMaster/Pods-URLMaster-frameworks.sh",
				"${BUILT_PRODUCTS_DIR}/Alamofire/Alamofire.framework",
			);
			name = "[CP] Embed Pods Frameworks";
			outputPaths = (
				"${TARGET_BUILD_DIR}/${FRAMEWORKS_FOLDER_PATH}/Alamofire.framework",
			);
			runOnlyForDeploymentPostprocessing = 0;
			shellPath = /bin/sh;
			shellScript = "\"${SRCROOT}/Pods/Target Support Files/Pods-URLMaster/Pods-URLMaster-frameworks.sh\"\n";
			showEnvVarsInLog = 0;
		};
		EDEE57E6228343D4E86373E6 /* [CP] Check Pods Manifest.lock */ = {
			isa = PBXShellScriptBuildPhase;
			buildActionMask = 2147483647;
			files = (
			);
			inputPaths = (
				"${PODS_PODFILE_DIR_PATH}/Podfile.lock",
				"${PODS_ROOT}/Manifest.lock",
			);
			name = "[CP] Check Pods Manifest.lock";
			outputPaths = (
				"$(DERIVED_FILE_DIR)/Pods-URLMaster-checkManifestLockResult.txt",
			);
			runOnlyForDeploymentPostprocessing = 0;
			shellPath = /bin/sh;
			shellScript = "diff \"${PODS_PODFILE_DIR_PATH}/Podfile.lock\" \"${PODS_ROOT}/Manifest.lock\" > /dev/null\nif [ $? != 0 ] ; then\n    # print error to STDERR\n    echo \"error: The sandbox is not in sync with the Podfile.lock. Run 'pod install' or update your CocoaPods installation.\" >&2\n    exit 1\nfi\n# This output is used by Xcode 'outputs' to avoid re-running this script phase.\necho \"SUCCESS\" > \"${SCRIPT_OUTPUT_FILE_0}\"\n";
			showEnvVarsInLog = 0;
		};
/* End PBXShellScriptBuildPhase section */

/* Begin PBXSourcesBuildPhase section */
		5ABF6B5D20C829EE003C797B /* Sources */ = {
			isa = PBXSourcesBuildPhase;
			buildActionMask = 2147483647;
			files = (
				5ABF6B6720C829EF003C797B /* ViewController.swift in Sources */,
				6F854E93221D5D9200A02B40 /* ViewModel.swift in Sources */,
				5ABF6B6520C829EF003C797B /* AppDelegate.swift in Sources */,
			);
			runOnlyForDeploymentPostprocessing = 0;
		};
/* End PBXSourcesBuildPhase section */

/* Begin PBXVariantGroup section */
		5ABF6B6820C829EF003C797B /* Main.storyboard */ = {
			isa = PBXVariantGroup;
			children = (
				5ABF6B6920C829EF003C797B /* Base */,
			);
			name = Main.storyboard;
			sourceTree = "<group>";
		};
		5ABF6B6D20C829F1003C797B /* LaunchScreen.storyboard */ = {
			isa = PBXVariantGroup;
			children = (
				5ABF6B6E20C829F1003C797B /* Base */,
			);
			name = LaunchScreen.storyboard;
			sourceTree = "<group>";
		};
/* End PBXVariantGroup section */

/* Begin XCBuildConfiguration section */
		5ABF6B7120C829F1003C797B /* Debug */ = {
			isa = XCBuildConfiguration;
			buildSettings = {
				ALWAYS_SEARCH_USER_PATHS = NO;
				CLANG_ANALYZER_NONNULL = YES;
				CLANG_ANALYZER_NUMBER_OBJECT_CONVERSION = YES_AGGRESSIVE;
				CLANG_CXX_LANGUAGE_STANDARD = "gnu++14";
				CLANG_CXX_LIBRARY = "libc++";
				CLANG_ENABLE_MODULES = YES;
				CLANG_ENABLE_OBJC_ARC = YES;
				CLANG_ENABLE_OBJC_WEAK = YES;
				CLANG_WARN_BLOCK_CAPTURE_AUTORELEASING = YES;
				CLANG_WARN_BOOL_CONVERSION = YES;
				CLANG_WARN_COMMA = YES;
				CLANG_WARN_CONSTANT_CONVERSION = YES;
				CLANG_WARN_DEPRECATED_OBJC_IMPLEMENTATIONS = YES;
				CLANG_WARN_DIRECT_OBJC_ISA_USAGE = YES_ERROR;
				CLANG_WARN_DOCUMENTATION_COMMENTS = YES;
				CLANG_WARN_EMPTY_BODY = YES;
				CLANG_WARN_ENUM_CONVERSION = YES;
				CLANG_WARN_INFINITE_RECURSION = YES;
				CLANG_WARN_INT_CONVERSION = YES;
				CLANG_WARN_NON_LITERAL_NULL_CONVERSION = YES;
				CLANG_WARN_OBJC_IMPLICIT_RETAIN_SELF = YES;
				CLANG_WARN_OBJC_LITERAL_CONVERSION = YES;
				CLANG_WARN_OBJC_ROOT_CLASS = YES_ERROR;
				CLANG_WARN_RANGE_LOOP_ANALYSIS = YES;
				CLANG_WARN_STRICT_PROTOTYPES = YES;
				CLANG_WARN_SUSPICIOUS_MOVE = YES;
				CLANG_WARN_UNGUARDED_AVAILABILITY = YES_AGGRESSIVE;
				CLANG_WARN_UNREACHABLE_CODE = YES;
				CLANG_WARN__DUPLICATE_METHOD_MATCH = YES;
				CODE_SIGN_IDENTITY = "iPhone Developer";
				COPY_PHASE_STRIP = NO;
				DEBUG_INFORMATION_FORMAT = dwarf;
				ENABLE_STRICT_OBJC_MSGSEND = YES;
				ENABLE_TESTABILITY = YES;
				GCC_C_LANGUAGE_STANDARD = gnu11;
				GCC_DYNAMIC_NO_PIC = NO;
				GCC_NO_COMMON_BLOCKS = YES;
				GCC_OPTIMIZATION_LEVEL = 0;
				GCC_PREPROCESSOR_DEFINITIONS = (
					"DEBUG=1",
					"$(inherited)",
				);
				GCC_WARN_64_TO_32_BIT_CONVERSION = YES;
				GCC_WARN_ABOUT_RETURN_TYPE = YES_ERROR;
				GCC_WARN_UNDECLARED_SELECTOR = YES;
				GCC_WARN_UNINITIALIZED_AUTOS = YES_AGGRESSIVE;
				GCC_WARN_UNUSED_FUNCTION = YES;
				GCC_WARN_UNUSED_VARIABLE = YES;
				IPHONEOS_DEPLOYMENT_TARGET = 11.3;
				MTL_ENABLE_DEBUG_INFO = YES;
				ONLY_ACTIVE_ARCH = YES;
				SDKROOT = iphoneos;
				SWIFT_ACTIVE_COMPILATION_CONDITIONS = DEBUG;
				SWIFT_OPTIMIZATION_LEVEL = "-Onone";
			};
			name = Debug;
		};
		5ABF6B7220C829F1003C797B /* Release */ = {
			isa = XCBuildConfiguration;
			buildSettings = {
				ALWAYS_SEARCH_USER_PATHS = NO;
				CLANG_ANALYZER_NONNULL = YES;
				CLANG_ANALYZER_NUMBER_OBJECT_CONVERSION = YES_AGGRESSIVE;
				CLANG_CXX_LANGUAGE_STANDARD = "gnu++14";
				CLANG_CXX_LIBRARY = "libc++";
				CLANG_ENABLE_MODULES = YES;
				CLANG_ENABLE_OBJC_ARC = YES;
				CLANG_ENABLE_OBJC_WEAK = YES;
				CLANG_WARN_BLOCK_CAPTURE_AUTORELEASING = YES;
				CLANG_WARN_BOOL_CONVERSION = YES;
				CLANG_WARN_COMMA = YES;
				CLANG_WARN_CONSTANT_CONVERSION = YES;
				CLANG_WARN_DEPRECATED_OBJC_IMPLEMENTATIONS = YES;
				CLANG_WARN_DIRECT_OBJC_ISA_USAGE = YES_ERROR;
				CLANG_WARN_DOCUMENTATION_COMMENTS = YES;
				CLANG_WARN_EMPTY_BODY = YES;
				CLANG_WARN_ENUM_CONVERSION = YES;
				CLANG_WARN_INFINITE_RECURSION = YES;
				CLANG_WARN_INT_CONVERSION = YES;
				CLANG_WARN_NON_LITERAL_NULL_CONVERSION = YES;
				CLANG_WARN_OBJC_IMPLICIT_RETAIN_SELF = YES;
				CLANG_WARN_OBJC_LITERAL_CONVERSION = YES;
				CLANG_WARN_OBJC_ROOT_CLASS = YES_ERROR;
				CLANG_WARN_RANGE_LOOP_ANALYSIS = YES;
				CLANG_WARN_STRICT_PROTOTYPES = YES;
				CLANG_WARN_SUSPICIOUS_MOVE = YES;
				CLANG_WARN_UNGUARDED_AVAILABILITY = YES_AGGRESSIVE;
				CLANG_WARN_UNREACHABLE_CODE = YES;
				CLANG_WARN__DUPLICATE_METHOD_MATCH = YES;
				CODE_SIGN_IDENTITY = "iPhone Developer";
				COPY_PHASE_STRIP = NO;
				DEBUG_INFORMATION_FORMAT = "dwarf-with-dsym";
				ENABLE_NS_ASSERTIONS = NO;
				ENABLE_STRICT_OBJC_MSGSEND = YES;
				GCC_C_LANGUAGE_STANDARD = gnu11;
				GCC_NO_COMMON_BLOCKS = YES;
				GCC_WARN_64_TO_32_BIT_CONVERSION = YES;
				GCC_WARN_ABOUT_RETURN_TYPE = YES_ERROR;
				GCC_WARN_UNDECLARED_SELECTOR = YES;
				GCC_WARN_UNINITIALIZED_AUTOS = YES_AGGRESSIVE;
				GCC_WARN_UNUSED_FUNCTION = YES;
				GCC_WARN_UNUSED_VARIABLE = YES;
				IPHONEOS_DEPLOYMENT_TARGET = 11.3;
				MTL_ENABLE_DEBUG_INFO = NO;
				SDKROOT = iphoneos;
				SWIFT_COMPILATION_MODE = wholemodule;
				SWIFT_OPTIMIZATION_LEVEL = "-O";
				VALIDATE_PRODUCT = YES;
			};
			name = Release;
		};
		5ABF6B7420C829F1003C797B /* Debug */ = {
			isa = XCBuildConfiguration;
			baseConfigurationReference = 58F4FCE6D5EA099C4E2CED3E /* Pods-URLMaster.debug.xcconfig */;
			buildSettings = {
				ASSETCATALOG_COMPILER_APPICON_NAME = AppIcon;
				CODE_SIGN_STYLE = Automatic;
				DEVELOPMENT_TEAM = RDRMVW96A6;
				INFOPLIST_FILE = URLMaster/Info.plist;
				LD_RUNPATH_SEARCH_PATHS = (
					"$(inherited)",
					"@executable_path/Frameworks",
				);
				PRODUCT_BUNDLE_IDENTIFIER = TechTonic.URLMaster;
				PRODUCT_NAME = "$(TARGET_NAME)";
				SWIFT_VERSION = 4.0;
				TARGETED_DEVICE_FAMILY = "1,2";
			};
			name = Debug;
		};
		5ABF6B7520C829F1003C797B /* Release */ = {
			isa = XCBuildConfiguration;
			baseConfigurationReference = 95A5B5A8D8AC3FBE68EC2EA9 /* Pods-URLMaster.release.xcconfig */;
			buildSettings = {
				ASSETCATALOG_COMPILER_APPICON_NAME = AppIcon;
				CODE_SIGN_STYLE = Automatic;
				DEVELOPMENT_TEAM = RDRMVW96A6;
				INFOPLIST_FILE = URLMaster/Info.plist;
				LD_RUNPATH_SEARCH_PATHS = (
					"$(inherited)",
					"@executable_path/Frameworks",
				);
				PRODUCT_BUNDLE_IDENTIFIER = TechTonic.URLMaster;
				PRODUCT_NAME = "$(TARGET_NAME)";
				SWIFT_VERSION = 4.0;
				TARGETED_DEVICE_FAMILY = "1,2";
			};
			name = Release;
		};
/* End XCBuildConfiguration section */

/* Begin XCConfigurationList section */
		5ABF6B5C20C829EE003C797B /* Build configuration list for PBXProject "URLMaster" */ = {
			isa = XCConfigurationList;
			buildConfigurations = (
				5ABF6B7120C829F1003C797B /* Debug */,
				5ABF6B7220C829F1003C797B /* Release */,
			);
			defaultConfigurationIsVisible = 0;
			defaultConfigurationName = Release;
		};
		5ABF6B7320C829F1003C797B /* Build configuration list for PBXNativeTarget "URLMaster" */ = {
			isa = XCConfigurationList;
			buildConfigurations = (
				5ABF6B7420C829F1003C797B /* Debug */,
				5ABF6B7520C829F1003C797B /* Release */,
			);
			defaultConfigurationIsVisible = 0;
			defaultConfigurationName = Release;
		};
/* End XCConfigurationList section */
	};
	rootObject = 5ABF6B5920C829EE003C797B /* Project object */;
}
